{
  "name": "@yang-cli/utils",
  "version": "1.0.4",
  "lockfileVersion": 2,
  "requires": true,
  "packages": {
    "": {
      "name": "@yang-cli/utils",
      "version": "1.0.4",
      "license": "ISC",
      "dependencies": {
        "undefined": "D:\\code\\yang-cli\\core\\cli"
      }
    },
    "../../core/cli": {
      "name": "@yang-cli/core",
      "version": "1.0.4",
      "license": "ISC",
      "dependencies": {
        "colors": "^1.4.0",
        "import-local": "^3.1.0",
        "npmlog": "^7.0.1",
        "path-exists": "^4.0.0",
        "root-check": "^1.0.0",
        "semver": "^7.3.8",
        "undefined": "D:\\code\\yang-cli\\core\\cli",
        "user-home": "^3.0.0"
      },
      "bin": {
        "yang-cli": "bin/index.js"
      }
    },
    "node_modules/undefined": {
      "resolved": "../../core/cli",
      "link": true
    }
  },
  "dependencies": {
    "undefined": {
      "version": "file:../../core/cli",
      "requires": {
        "colors": "^1.4.0",
        "import-local": "^3.1.0",
        "npmlog": "^7.0.1",
        "path-exists": "^4.0.0",
        "root-check": "^1.0.0",
        "semver": "^7.3.8",
        "undefined": "D:\\code\\yang-cli\\core\\cli",
        "user-home": "^3.0.0"
      }
    }
  }
}
